{
  "version": 4,
  "terraform_version": "1.14.4",
  "serial": 210,
  "lineage": "4d2bdacc-9498-e052-ca3c-9f973bbd107a",
  "outputs": {},
  "resources": [
    {
      "module": "module.nic",
      "mode": "data",
      "type": "azurerm_public_ip",
      "name": "pip",
      "provider": "provider[\"registry.terraform.io/hashicorp/azurerm\"]",
      "instances": [
        {
          "index_key": "nic1",
          "schema_version": 0,
          "attributes": {
            "allocation_method": "Static",
            "ddos_protection_mode": "VirtualNetworkInherited",
            "ddos_protection_plan_id": null,
            "domain_name_label": "",
            "fqdn": "",
            "id": "/subscriptions/538f56b2-294c-4e41-a854-7ab1b5d5ad51/resourceGroups/app01-dev-rg/providers/Microsoft.Network/publicIPAddresses/ui-pip",
            "idle_timeout_in_minutes": 4,
            "ip_address": "20.198.78.148",
            "ip_tags": {},
            "ip_version": "IPv4",
            "location": "centralindia",
            "name": "ui-pip",
            "resource_group_name": "app01-dev-rg",
            "reverse_fqdn": "",
            "sku": "Standard",
            "tags": {},
            "timeouts": null,
            "zones": []
          },
          "sensitive_attributes": [],
          "identity_schema_version": 0
        },
        {
          "index_key": "nic2",
          "schema_version": 0,
          "attributes": {
            "allocation_method": "Static",
            "ddos_protection_mode": "VirtualNetworkInherited",
            "ddos_protection_plan_id": null,
            "domain_name_label": "",
            "fqdn": "",
            "id": "/subscriptions/538f56b2-294c-4e41-a854-7ab1b5d5ad51/resourceGroups/app01-dev-rg/providers/Microsoft.Network/publicIPAddresses/app-pip",
            "idle_timeout_in_minutes": 4,
            "ip_address": "20.192.2.131",
            "ip_tags": {},
            "ip_version": "IPv4",
            "location": "centralindia",
            "name": "app-pip",
            "resource_group_name": "app01-dev-rg",
            "reverse_fqdn": "",
            "sku": "Standard",
            "tags": {},
            "timeouts": null,
            "zones": []
          },
          "sensitive_attributes": [],
          "identity_schema_version": 0
        }
      ]
    },
    {
      "module": "module.nic",
      "mode": "data",
      "type": "azurerm_subnet",
      "name": "subnet",
      "provider": "provider[\"registry.terraform.io/hashicorp/azurerm\"]",
      "instances": [
        {
          "index_key": "nic1",
          "schema_version": 0,
          "attributes": {
            "address_prefix": "10.0.0.0/24",
            "address_prefixes": [
              "10.0.0.0/24"
            ],
            "default_outbound_access_enabled": true,
            "id": "/subscriptions/538f56b2-294c-4e41-a854-7ab1b5d5ad51/resourceGroups/app01-dev-rg/providers/Microsoft.Network/virtualNetworks/app01-dev-vnet/subnets/ui-subnet",
            "name": "ui-subnet",
            "network_security_group_id": "",
            "private_endpoint_network_policies": "Disabled",
            "private_link_service_network_policies_enabled": true,
            "resource_group_name": "app01-dev-rg",
            "route_table_id": "",
            "service_endpoints": [],
            "timeouts": null,
            "virtual_network_name": "app01-dev-vnet"
          },
          "sensitive_attributes": [],
          "identity_schema_version": 0
        },
        {
          "index_key": "nic2",
          "schema_version": 0,
          "attributes": {
            "address_prefix": "10.0.1.0/24",
            "address_prefixes": [
              "10.0.1.0/24"
            ],
            "default_outbound_access_enabled": true,
            "id": "/subscriptions/538f56b2-294c-4e41-a854-7ab1b5d5ad51/resourceGroups/app01-dev-rg/providers/Microsoft.Network/virtualNetworks/app01-dev-vnet/subnets/app-subnet",
            "name": "app-subnet",
            "network_security_group_id": "",
            "private_endpoint_network_policies": "Disabled",
            "private_link_service_network_policies_enabled": true,
            "resource_group_name": "app01-dev-rg",
            "route_table_id": "",
            "service_endpoints": [],
            "timeouts": null,
            "virtual_network_name": "app01-dev-vnet"
          },
          "sensitive_attributes": [],
          "identity_schema_version": 0
        }
      ]
    },
    {
      "module": "module.nic",
      "mode": "managed",
      "type": "azurerm_network_interface",
      "name": "nic",
      "provider": "provider[\"registry.terraform.io/hashicorp/azurerm\"]",
      "instances": [
        {
          "index_key": "nic1",
          "schema_version": 0,
          "attributes": {
            "accelerated_networking_enabled": false,
            "applied_dns_servers": [],
            "auxiliary_mode": "",
            "auxiliary_sku": "",
            "dns_servers": null,
            "edge_zone": "",
            "id": "/subscriptions/538f56b2-294c-4e41-a854-7ab1b5d5ad51/resourceGroups/app01-dev-rg/providers/Microsoft.Network/networkInterfaces/ui-nic",
            "internal_dns_name_label": "",
            "internal_domain_name_suffix": "tkzncai40lperb5oduqqrsvduh.rx.internal.cloudapp.net",
            "ip_configuration": [
              {
                "gateway_load_balancer_frontend_ip_configuration_id": "",
                "name": "ui-ip",
                "primary": true,
                "private_ip_address": "10.0.0.4",
                "private_ip_address_allocation": "Dynamic",
                "private_ip_address_version": "IPv4",
                "public_ip_address_id": "/subscriptions/538f56b2-294c-4e41-a854-7ab1b5d5ad51/resourceGroups/app01-dev-rg/providers/Microsoft.Network/publicIPAddresses/ui-pip",
                "subnet_id": "/subscriptions/538f56b2-294c-4e41-a854-7ab1b5d5ad51/resourceGroups/app01-dev-rg/providers/Microsoft.Network/virtualNetworks/app01-dev-vnet/subnets/ui-subnet"
              }
            ],
            "ip_forwarding_enabled": false,
            "location": "centralindia",
            "mac_address": "",
            "name": "ui-nic",
            "private_ip_address": "10.0.0.4",
            "private_ip_addresses": [
              "10.0.0.4"
            ],
            "resource_group_name": "app01-dev-rg",
            "tags": null,
            "timeouts": null,
            "virtual_machine_id": ""
          },
          "sensitive_attributes": [],
          "identity_schema_version": 0,
          "identity": {
            "name": "ui-nic",
            "resource_group_name": "app01-dev-rg",
            "subscription_id": "538f56b2-294c-4e41-a854-7ab1b5d5ad51"
          },
          "private": "eyJlMmJmYjczMC1lY2FhLTExZTYtOGY4OC0zNDM2M2JjN2M0YzAiOnsiY3JlYXRlIjoxODAwMDAwMDAwMDAwLCJkZWxldGUiOjE4MDAwMDAwMDAwMDAsInJlYWQiOjMwMDAwMDAwMDAwMCwidXBkYXRlIjoxODAwMDAwMDAwMDAwfX0=",
          "dependencies": [
            "module.nic.data.azurerm_public_ip.pip",
            "module.nic.data.azurerm_subnet.subnet",
            "module.rg.azurerm_resource_group.rg",
            "module.vnet.azurerm_virtual_network.vnet"
          ]
        },
        {
          "index_key": "nic2",
          "schema_version": 0,
          "attributes": {
            "accelerated_networking_enabled": false,
            "applied_dns_servers": [],
            "auxiliary_mode": "",
            "auxiliary_sku": "",
            "dns_servers": null,
            "edge_zone": "",
            "id": "/subscriptions/538f56b2-294c-4e41-a854-7ab1b5d5ad51/resourceGroups/app01-dev-rg/providers/Microsoft.Network/networkInterfaces/app-nic",
            "internal_dns_name_label": "",
            "internal_domain_name_suffix": "tkzncai40lperb5oduqqrsvduh.rx.internal.cloudapp.net",
            "ip_configuration": [
              {
                "gateway_load_balancer_frontend_ip_configuration_id": "",
                "name": "app-ip",
                "primary": true,
                "private_ip_address": "10.0.1.4",
                "private_ip_address_allocation": "Dynamic",
                "private_ip_address_version": "IPv4",
                "public_ip_address_id": "/subscriptions/538f56b2-294c-4e41-a854-7ab1b5d5ad51/resourceGroups/app01-dev-rg/providers/Microsoft.Network/publicIPAddresses/app-pip",
                "subnet_id": "/subscriptions/538f56b2-294c-4e41-a854-7ab1b5d5ad51/resourceGroups/app01-dev-rg/providers/Microsoft.Network/virtualNetworks/app01-dev-vnet/subnets/app-subnet"
              }
            ],
            "ip_forwarding_enabled": false,
            "location": "centralindia",
            "mac_address": "",
            "name": "app-nic",
            "private_ip_address": "10.0.1.4",
            "private_ip_addresses": [
              "10.0.1.4"
            ],
            "resource_group_name": "app01-dev-rg",
            "tags": null,
            "timeouts": null,
            "virtual_machine_id": ""
          },
          "sensitive_attributes": [],
          "identity_schema_version": 0,
          "identity": {
            "name": "app-nic",
            "resource_group_name": "app01-dev-rg",
            "subscription_id": "538f56b2-294c-4e41-a854-7ab1b5d5ad51"
          },
          "private": "eyJlMmJmYjczMC1lY2FhLTExZTYtOGY4OC0zNDM2M2JjN2M0YzAiOnsiY3JlYXRlIjoxODAwMDAwMDAwMDAwLCJkZWxldGUiOjE4MDAwMDAwMDAwMDAsInJlYWQiOjMwMDAwMDAwMDAwMCwidXBkYXRlIjoxODAwMDAwMDAwMDAwfX0=",
          "dependencies": [
            "module.nic.data.azurerm_public_ip.pip",
            "module.nic.data.azurerm_subnet.subnet",
            "module.rg.azurerm_resource_group.rg",
            "module.vnet.azurerm_virtual_network.vnet"
          ]
        }
      ]
    },
    {
      "module": "module.nsg",
      "mode": "data",
      "type": "azurerm_subnet",
      "name": "subnet",
      "provider": "provider[\"registry.terraform.io/hashicorp/azurerm\"]",
      "instances": [
        {
          "index_key": "nsg1",
          "schema_version": 0,
          "attributes": {
            "address_prefix": "10.0.0.0/24",
            "address_prefixes": [
              "10.0.0.0/24"
            ],
            "default_outbound_access_enabled": true,
            "id": "/subscriptions/538f56b2-294c-4e41-a854-7ab1b5d5ad51/resourceGroups/app01-dev-rg/providers/Microsoft.Network/virtualNetworks/app01-dev-vnet/subnets/ui-subnet",
            "name": "ui-subnet",
            "network_security_group_id": "",
            "private_endpoint_network_policies": "Disabled",
            "private_link_service_network_policies_enabled": true,
            "resource_group_name": "app01-dev-rg",
            "route_table_id": "",
            "service_endpoints": [],
            "timeouts": null,
            "virtual_network_name": "app01-dev-vnet"
          },
          "sensitive_attributes": [],
          "identity_schema_version": 0
        },
        {
          "index_key": "nsg2",
          "schema_version": 0,
          "attributes": {
            "address_prefix": "10.0.1.0/24",
            "address_prefixes": [
              "10.0.1.0/24"
            ],
            "default_outbound_access_enabled": true,
            "id": "/subscriptions/538f56b2-294c-4e41-a854-7ab1b5d5ad51/resourceGroups/app01-dev-rg/providers/Microsoft.Network/virtualNetworks/app01-dev-vnet/subnets/app-subnet",
            "name": "app-subnet",
            "network_security_group_id": "",
            "private_endpoint_network_policies": "Disabled",
            "private_link_service_network_policies_enabled": true,
            "resource_group_name": "app01-dev-rg",
            "route_table_id": "",
            "service_endpoints": [],
            "timeouts": null,
            "virtual_network_name": "app01-dev-vnet"
          },
          "sensitive_attributes": [],
          "identity_schema_version": 0
        }
      ]
    },
    {
      "module": "module.nsg",
      "mode": "managed",
      "type": "azurerm_network_security_group",
      "name": "nsg",
      "provider": "provider[\"registry.terraform.io/hashicorp/azurerm\"]",
      "instances": [
        {
          "index_key": "nsg1",
          "schema_version": 0,
          "attributes": {
            "id": "/subscriptions/538f56b2-294c-4e41-a854-7ab1b5d5ad51/resourceGroups/app01-dev-rg/providers/Microsoft.Network/networkSecurityGroups/ui-subnet-nsg",
            "location": "centralindia",
            "name": "ui-subnet-nsg",
            "resource_group_name": "app01-dev-rg",
            "security_rule": [
              {
                "access": "Allow",
                "description": "",
                "destination_address_prefix": "*",
                "destination_address_prefixes": [],
                "destination_application_security_group_ids": [],
                "destination_port_range": "*",
                "destination_port_ranges": [],
                "direction": "Inbound",
                "name": "test123",
                "priority": 100,
                "protocol": "Tcp",
                "source_address_prefix": "*",
                "source_address_prefixes": [],
                "source_application_security_group_ids": [],
                "source_port_range": "*",
                "source_port_ranges": []
              }
            ],
            "tags": null,
            "timeouts": null
          },
          "sensitive_attributes": [],
          "identity_schema_version": 0,
          "identity": {
            "name": "ui-subnet-nsg",
            "resource_group_name": "app01-dev-rg",
            "subscription_id": "538f56b2-294c-4e41-a854-7ab1b5d5ad51"
          },
          "private": "eyJlMmJmYjczMC1lY2FhLTExZTYtOGY4OC0zNDM2M2JjN2M0YzAiOnsiY3JlYXRlIjoxODAwMDAwMDAwMDAwLCJkZWxldGUiOjE4MDAwMDAwMDAwMDAsInJlYWQiOjMwMDAwMDAwMDAwMCwidXBkYXRlIjoxODAwMDAwMDAwMDAwfX0=",
          "dependencies": [
            "module.rg.azurerm_resource_group.rg",
            "module.vnet.azurerm_virtual_network.vnet"
          ]
        },
        {
          "index_key": "nsg2",
          "schema_version": 0,
          "attributes": {
            "id": "/subscriptions/538f56b2-294c-4e41-a854-7ab1b5d5ad51/resourceGroups/app01-dev-rg/providers/Microsoft.Network/networkSecurityGroups/app-subnet-nsg",
            "location": "centralindia",
            "name": "app-subnet-nsg",
            "resource_group_name": "app01-dev-rg",
            "security_rule": [
              {
                "access": "Allow",
                "description": "",
                "destination_address_prefix": "*",
                "destination_address_prefixes": [],
                "destination_application_security_group_ids": [],
                "destination_port_range": "*",
                "destination_port_ranges": [],
                "direction": "Inbound",
                "name": "test123",
                "priority": 100,
                "protocol": "Tcp",
                "source_address_prefix": "*",
                "source_address_prefixes": [],
                "source_application_security_group_ids": [],
                "source_port_range": "*",
                "source_port_ranges": []
              }
            ],
            "tags": null,
            "timeouts": null
          },
          "sensitive_attributes": [],
          "identity_schema_version": 0,
          "identity": {
            "name": "app-subnet-nsg",
            "resource_group_name": "app01-dev-rg",
            "subscription_id": "538f56b2-294c-4e41-a854-7ab1b5d5ad51"
          },
          "private": "eyJlMmJmYjczMC1lY2FhLTExZTYtOGY4OC0zNDM2M2JjN2M0YzAiOnsiY3JlYXRlIjoxODAwMDAwMDAwMDAwLCJkZWxldGUiOjE4MDAwMDAwMDAwMDAsInJlYWQiOjMwMDAwMDAwMDAwMCwidXBkYXRlIjoxODAwMDAwMDAwMDAwfX0=",
          "dependencies": [
            "module.rg.azurerm_resource_group.rg",
            "module.vnet.azurerm_virtual_network.vnet"
          ]
        }
      ]
    },
    {
      "module": "module.nsg",
      "mode": "managed",
      "type": "azurerm_subnet_network_security_group_association",
      "name": "example",
      "provider": "provider[\"registry.terraform.io/hashicorp/azurerm\"]",
      "instances": [
        {
          "index_key": "nsg1",
          "schema_version": 0,
          "attributes": {
            "id": "/subscriptions/538f56b2-294c-4e41-a854-7ab1b5d5ad51/resourceGroups/app01-dev-rg/providers/Microsoft.Network/virtualNetworks/app01-dev-vnet/subnets/ui-subnet",
            "network_security_group_id": "/subscriptions/538f56b2-294c-4e41-a854-7ab1b5d5ad51/resourceGroups/app01-dev-rg/providers/Microsoft.Network/networkSecurityGroups/ui-subnet-nsg",
            "subnet_id": "/subscriptions/538f56b2-294c-4e41-a854-7ab1b5d5ad51/resourceGroups/app01-dev-rg/providers/Microsoft.Network/virtualNetworks/app01-dev-vnet/subnets/ui-subnet",
            "timeouts": null
          },
          "sensitive_attributes": [],
          "identity_schema_version": 0,
          "private": "eyJlMmJmYjczMC1lY2FhLTExZTYtOGY4OC0zNDM2M2JjN2M0YzAiOnsiY3JlYXRlIjoxODAwMDAwMDAwMDAwLCJkZWxldGUiOjE4MDAwMDAwMDAwMDAsInJlYWQiOjMwMDAwMDAwMDAwMH19",
          "dependencies": [
            "module.nsg.azurerm_network_security_group.nsg",
            "module.nsg.data.azurerm_subnet.subnet",
            "module.rg.azurerm_resource_group.rg",
            "module.vnet.azurerm_virtual_network.vnet"
          ]
        },
        {
          "index_key": "nsg2",
          "schema_version": 0,
          "attributes": {
            "id": "/subscriptions/538f56b2-294c-4e41-a854-7ab1b5d5ad51/resourceGroups/app01-dev-rg/providers/Microsoft.Network/virtualNetworks/app01-dev-vnet/subnets/app-subnet",
            "network_security_group_id": "/subscriptions/538f56b2-294c-4e41-a854-7ab1b5d5ad51/resourceGroups/app01-dev-rg/providers/Microsoft.Network/networkSecurityGroups/app-subnet-nsg",
            "subnet_id": "/subscriptions/538f56b2-294c-4e41-a854-7ab1b5d5ad51/resourceGroups/app01-dev-rg/providers/Microsoft.Network/virtualNetworks/app01-dev-vnet/subnets/app-subnet",
            "timeouts": null
          },
          "sensitive_attributes": [],
          "identity_schema_version": 0,
          "private": "eyJlMmJmYjczMC1lY2FhLTExZTYtOGY4OC0zNDM2M2JjN2M0YzAiOnsiY3JlYXRlIjoxODAwMDAwMDAwMDAwLCJkZWxldGUiOjE4MDAwMDAwMDAwMDAsInJlYWQiOjMwMDAwMDAwMDAwMH19",
          "dependencies": [
            "module.nsg.azurerm_network_security_group.nsg",
            "module.nsg.data.azurerm_subnet.subnet",
            "module.rg.azurerm_resource_group.rg",
            "module.vnet.azurerm_virtual_network.vnet"
          ]
        }
      ]
    },
    {
      "module": "module.pip",
      "mode": "managed",
      "type": "azurerm_public_ip",
      "name": "pip",
      "provider": "provider[\"registry.terraform.io/hashicorp/azurerm\"]",
      "instances": [
        {
          "index_key": "pip1",
          "schema_version": 0,
          "attributes": {
            "allocation_method": "Static",
            "ddos_protection_mode": "VirtualNetworkInherited",
            "ddos_protection_plan_id": null,
            "domain_name_label": null,
            "domain_name_label_scope": null,
            "edge_zone": "",
            "fqdn": null,
            "id": "/subscriptions/538f56b2-294c-4e41-a854-7ab1b5d5ad51/resourceGroups/app01-dev-rg/providers/Microsoft.Network/publicIPAddresses/ui-pip",
            "idle_timeout_in_minutes": 4,
            "ip_address": "20.198.78.148",
            "ip_tags": null,
            "ip_version": "IPv4",
            "location": "centralindia",
            "name": "ui-pip",
            "public_ip_prefix_id": null,
            "resource_group_name": "app01-dev-rg",
            "reverse_fqdn": null,
            "sku": "Standard",
            "sku_tier": "Regional",
            "tags": null,
            "timeouts": null,
            "zones": null
          },
          "sensitive_attributes": [],
          "identity_schema_version": 0,
          "private": "eyJlMmJmYjczMC1lY2FhLTExZTYtOGY4OC0zNDM2M2JjN2M0YzAiOnsiY3JlYXRlIjoxODAwMDAwMDAwMDAwLCJkZWxldGUiOjE4MDAwMDAwMDAwMDAsInJlYWQiOjMwMDAwMDAwMDAwMCwidXBkYXRlIjoxODAwMDAwMDAwMDAwfX0=",
          "dependencies": [
            "module.rg.azurerm_resource_group.rg"
          ]
        },
        {
          "index_key": "pip2",
          "schema_version": 0,
          "attributes": {
            "allocation_method": "Static",
            "ddos_protection_mode": "VirtualNetworkInherited",
            "ddos_protection_plan_id": null,
            "domain_name_label": null,
            "domain_name_label_scope": null,
            "edge_zone": "",
            "fqdn": null,
            "id": "/subscriptions/538f56b2-294c-4e41-a854-7ab1b5d5ad51/resourceGroups/app01-dev-rg/providers/Microsoft.Network/publicIPAddresses/app-pip",
            "idle_timeout_in_minutes": 4,
            "ip_address": "20.192.2.131",
            "ip_tags": null,
            "ip_version": "IPv4",
            "location": "centralindia",
            "name": "app-pip",
            "public_ip_prefix_id": null,
            "resource_group_name": "app01-dev-rg",
            "reverse_fqdn": null,
            "sku": "Standard",
            "sku_tier": "Regional",
            "tags": null,
            "timeouts": null,
            "zones": null
          },
          "sensitive_attributes": [],
          "identity_schema_version": 0,
          "private": "eyJlMmJmYjczMC1lY2FhLTExZTYtOGY4OC0zNDM2M2JjN2M0YzAiOnsiY3JlYXRlIjoxODAwMDAwMDAwMDAwLCJkZWxldGUiOjE4MDAwMDAwMDAwMDAsInJlYWQiOjMwMDAwMDAwMDAwMCwidXBkYXRlIjoxODAwMDAwMDAwMDAwfX0=",
          "dependencies": [
            "module.rg.azurerm_resource_group.rg"
          ]
        }
      ]
    },
    {
      "module": "module.rg",
      "mode": "managed",
      "type": "azurerm_resource_group",
      "name": "rg",
      "provider": "provider[\"registry.terraform.io/hashicorp/azurerm\"]",
      "instances": [
        {
          "index_key": "rg1",
          "schema_version": 0,
          "attributes": {
            "id": "/subscriptions/538f56b2-294c-4e41-a854-7ab1b5d5ad51/resourceGroups/app01-dev-rg",
            "location": "centralindia",
            "managed_by": "",
            "name": "app01-dev-rg",
            "tags": null,
            "timeouts": null
          },
          "sensitive_attributes": [],
          "identity_schema_version": 0,
          "identity": {
            "name": "app01-dev-rg",
            "subscription_id": "538f56b2-294c-4e41-a854-7ab1b5d5ad51"
          },
          "private": "eyJlMmJmYjczMC1lY2FhLTExZTYtOGY4OC0zNDM2M2JjN2M0YzAiOnsiY3JlYXRlIjo1NDAwMDAwMDAwMDAwLCJkZWxldGUiOjU0MDAwMDAwMDAwMDAsInJlYWQiOjMwMDAwMDAwMDAwMCwidXBkYXRlIjo1NDAwMDAwMDAwMDAwfX0="
        }
      ]
    },
    {
      "module": "module.vm",
      "mode": "data",
      "type": "azurerm_network_interface",
      "name": "nic",
      "provider": "provider[\"registry.terraform.io/hashicorp/azurerm\"]",
      "instances": [
        {
          "index_key": "vm1",
          "schema_version": 0,
          "attributes": {
            "accelerated_networking_enabled": false,
            "applied_dns_servers": [],
            "dns_servers": [],
            "id": "/subscriptions/538f56b2-294c-4e41-a854-7ab1b5d5ad51/resourceGroups/app01-dev-rg/providers/Microsoft.Network/networkInterfaces/ui-nic",
            "internal_dns_name_label": "",
            "ip_configuration": [
              {
                "application_gateway_backend_address_pools_ids": [],
                "application_security_group_ids": [],
                "gateway_load_balancer_frontend_ip_configuration_id": "",
                "load_balancer_backend_address_pools_ids": [],
                "load_balancer_inbound_nat_rules_ids": [],
                "name": "ui-ip",
                "primary": true,
                "private_ip_address": "10.0.0.4",
                "private_ip_address_allocation": "Dynamic",
                "private_ip_address_version": "IPv4",
                "public_ip_address_id": "/subscriptions/538f56b2-294c-4e41-a854-7ab1b5d5ad51/resourceGroups/app01-dev-rg/providers/Microsoft.Network/publicIPAddresses/ui-pip",
                "subnet_id": "/subscriptions/538f56b2-294c-4e41-a854-7ab1b5d5ad51/resourceGroups/app01-dev-rg/providers/Microsoft.Network/virtualNetworks/app01-dev-vnet/subnets/ui-subnet"
              }
            ],
            "ip_forwarding_enabled": false,
            "location": "centralindia",
            "mac_address": "",
            "name": "ui-nic",
            "network_security_group_id": "",
            "private_ip_address": "10.0.0.4",
            "private_ip_addresses": [
              "10.0.0.4"
            ],
            "resource_group_name": "app01-dev-rg",
            "tags": {},
            "timeouts": null,
            "virtual_machine_id": ""
          },
          "sensitive_attributes": [],
          "identity_schema_version": 0
        },
        {
          "index_key": "vm2",
          "schema_version": 0,
          "attributes": {
            "accelerated_networking_enabled": false,
            "applied_dns_servers": [],
            "dns_servers": [],
            "id": "/subscriptions/538f56b2-294c-4e41-a854-7ab1b5d5ad51/resourceGroups/app01-dev-rg/providers/Microsoft.Network/networkInterfaces/app-nic",
            "internal_dns_name_label": "",
            "ip_configuration": [
              {
                "application_gateway_backend_address_pools_ids": [],
                "application_security_group_ids": [],
                "gateway_load_balancer_frontend_ip_configuration_id": "",
                "load_balancer_backend_address_pools_ids": [],
                "load_balancer_inbound_nat_rules_ids": [],
                "name": "app-ip",
                "primary": true,
                "private_ip_address": "10.0.1.4",
                "private_ip_address_allocation": "Dynamic",
                "private_ip_address_version": "IPv4",
                "public_ip_address_id": "/subscriptions/538f56b2-294c-4e41-a854-7ab1b5d5ad51/resourceGroups/app01-dev-rg/providers/Microsoft.Network/publicIPAddresses/app-pip",
                "subnet_id": "/subscriptions/538f56b2-294c-4e41-a854-7ab1b5d5ad51/resourceGroups/app01-dev-rg/providers/Microsoft.Network/virtualNetworks/app01-dev-vnet/subnets/app-subnet"
              }
            ],
            "ip_forwarding_enabled": false,
            "location": "centralindia",
            "mac_address": "",
            "name": "app-nic",
            "network_security_group_id": "",
            "private_ip_address": "10.0.1.4",
            "private_ip_addresses": [
              "10.0.1.4"
            ],
            "resource_group_name": "app01-dev-rg",
            "tags": {},
            "timeouts": null,
            "virtual_machine_id": ""
          },
          "sensitive_attributes": [],
          "identity_schema_version": 0
        }
      ]
    },
    {
      "module": "module.vm",
      "mode": "managed",
      "type": "azurerm_linux_virtual_machine",
      "name": "vm",
      "provider": "provider[\"registry.terraform.io/hashicorp/azurerm\"]",
      "instances": [
        {
          "index_key": "vm1",
          "schema_version": 0,
          "attributes": {
            "additional_capabilities": [],
            "admin_password": "User@123456",
            "admin_ssh_key": [],
            "admin_username": "adminuser",
            "allow_extension_operations": true,
            "availability_set_id": "",
            "boot_diagnostics": [],
            "bypass_platform_safety_checks_on_user_schedule_enabled": false,
            "capacity_reservation_group_id": "",
            "computer_name": "ui-app01-dev-vm",
            "custom_data": null,
            "dedicated_host_group_id": "",
            "dedicated_host_id": "",
            "disable_password_authentication": false,
            "disk_controller_type": "",
            "edge_zone": "",
            "encryption_at_host_enabled": false,
            "eviction_policy": "",
            "extensions_time_budget": "PT1H30M",
            "gallery_application": [],
            "id": "/subscriptions/538f56b2-294c-4e41-a854-7ab1b5d5ad51/resourceGroups/app01-dev-rg/providers/Microsoft.Compute/virtualMachines/ui-app01-dev-vm",
            "identity": [],
            "license_type": "",
            "location": "centralindia",
            "max_bid_price": -1,
            "name": "ui-app01-dev-vm",
            "network_interface_ids": [
              "/subscriptions/538f56b2-294c-4e41-a854-7ab1b5d5ad51/resourceGroups/app01-dev-rg/providers/Microsoft.Network/networkInterfaces/ui-nic"
            ],
            "os_disk": [
              {
                "caching": "ReadWrite",
                "diff_disk_settings": [],
                "disk_encryption_set_id": "",
                "disk_size_gb": 30,
                "id": "/subscriptions/538f56b2-294c-4e41-a854-7ab1b5d5ad51/resourceGroups/app01-dev-rg/providers/Microsoft.Compute/disks/ui-app01-dev-vm_OsDisk_1_fdc3fbb4c492487b805aa0a6be0c342b",
                "name": "ui-app01-dev-vm_OsDisk_1_fdc3fbb4c492487b805aa0a6be0c342b",
                "secure_vm_disk_encryption_set_id": "",
                "security_encryption_type": "",
                "storage_account_type": "Standard_LRS",
                "write_accelerator_enabled": false
              }
            ],
            "os_image_notification": [],
            "os_managed_disk_id": "/subscriptions/538f56b2-294c-4e41-a854-7ab1b5d5ad51/resourceGroups/app01-dev-rg/providers/Microsoft.Compute/disks/ui-app01-dev-vm_OsDisk_1_fdc3fbb4c492487b805aa0a6be0c342b",
            "patch_assessment_mode": "ImageDefault",
            "patch_mode": "ImageDefault",
            "plan": [],
            "platform_fault_domain": -1,
            "priority": "Regular",
            "private_ip_address": "10.0.0.4",
            "private_ip_addresses": [
              "10.0.0.4"
            ],
            "provision_vm_agent": true,
            "proximity_placement_group_id": "",
            "public_ip_address": "20.198.78.148",
            "public_ip_addresses": [
              "20.198.78.148"
            ],
            "reboot_setting": "",
            "resource_group_name": "app01-dev-rg",
            "secret": [],
            "secure_boot_enabled": false,
            "size": "Standard_D2ls_v5",
            "source_image_id": "",
            "source_image_reference": [
              {
                "offer": "0001-com-ubuntu-server-jammy",
                "publisher": "Canonical",
                "sku": "22_04-lts",
                "version": "latest"
              }
            ],
            "tags": null,
            "termination_notification": null,
            "timeouts": null,
            "user_data": "",
            "virtual_machine_id": "e01c5e95-2609-49d6-8b96-54e5c659ab5e",
            "virtual_machine_scale_set_id": "",
            "vm_agent_platform_updates_enabled": false,
            "vtpm_enabled": false,
            "zone": ""
          },
          "sensitive_attributes": [
            [
              {
                "type": "get_attr",
                "value": "admin_password"
              }
            ],
            [
              {
                "type": "get_attr",
                "value": "custom_data"
              }
            ]
          ],
          "identity_schema_version": 0,
          "private": "eyJlMmJmYjczMC1lY2FhLTExZTYtOGY4OC0zNDM2M2JjN2M0YzAiOnsiY3JlYXRlIjoyNzAwMDAwMDAwMDAwLCJkZWxldGUiOjI3MDAwMDAwMDAwMDAsInJlYWQiOjMwMDAwMDAwMDAwMCwidXBkYXRlIjoyNzAwMDAwMDAwMDAwfX0=",
          "dependencies": [
            "module.nic.azurerm_network_interface.nic",
            "module.nic.data.azurerm_public_ip.pip",
            "module.nic.data.azurerm_subnet.subnet",
            "module.pip.azurerm_public_ip.pip",
            "module.rg.azurerm_resource_group.rg",
            "module.vm.data.azurerm_network_interface.nic",
            "module.vnet.azurerm_virtual_network.vnet"
          ]
        },
        {
          "index_key": "vm2",
          "schema_version": 0,
          "attributes": {
            "additional_capabilities": [],
            "admin_password": "User@123456",
            "admin_ssh_key": [],
            "admin_username": "adminuser",
            "allow_extension_operations": true,
            "availability_set_id": "",
            "boot_diagnostics": [],
            "bypass_platform_safety_checks_on_user_schedule_enabled": false,
            "capacity_reservation_group_id": "",
            "computer_name": "app-app01-dev-vm",
            "custom_data": null,
            "dedicated_host_group_id": "",
            "dedicated_host_id": "",
            "disable_password_authentication": false,
            "disk_controller_type": "",
            "edge_zone": "",
            "encryption_at_host_enabled": false,
            "eviction_policy": "",
            "extensions_time_budget": "PT1H30M",
            "gallery_application": [],
            "id": "/subscriptions/538f56b2-294c-4e41-a854-7ab1b5d5ad51/resourceGroups/app01-dev-rg/providers/Microsoft.Compute/virtualMachines/app-app01-dev-vm",
            "identity": [],
            "license_type": "",
            "location": "centralindia",
            "max_bid_price": -1,
            "name": "app-app01-dev-vm",
            "network_interface_ids": [
              "/subscriptions/538f56b2-294c-4e41-a854-7ab1b5d5ad51/resourceGroups/app01-dev-rg/providers/Microsoft.Network/networkInterfaces/app-nic"
            ],
            "os_disk": [
              {
                "caching": "ReadWrite",
                "diff_disk_settings": [],
                "disk_encryption_set_id": "",
                "disk_size_gb": 30,
                "id": "/subscriptions/538f56b2-294c-4e41-a854-7ab1b5d5ad51/resourceGroups/app01-dev-rg/providers/Microsoft.Compute/disks/app-app01-dev-vm_OsDisk_1_4e01abb6906f44659f17bcddd6b43bc1",
                "name": "app-app01-dev-vm_OsDisk_1_4e01abb6906f44659f17bcddd6b43bc1",
                "secure_vm_disk_encryption_set_id": "",
                "security_encryption_type": "",
                "storage_account_type": "Standard_LRS",
                "write_accelerator_enabled": false
              }
            ],
            "os_image_notification": [],
            "os_managed_disk_id": "/subscriptions/538f56b2-294c-4e41-a854-7ab1b5d5ad51/resourceGroups/app01-dev-rg/providers/Microsoft.Compute/disks/app-app01-dev-vm_OsDisk_1_4e01abb6906f44659f17bcddd6b43bc1",
            "patch_assessment_mode": "ImageDefault",
            "patch_mode": "ImageDefault",
            "plan": [],
            "platform_fault_domain": -1,
            "priority": "Regular",
            "private_ip_address": "10.0.1.4",
            "private_ip_addresses": [
              "10.0.1.4"
            ],
            "provision_vm_agent": true,
            "proximity_placement_group_id": "",
            "public_ip_address": "20.192.2.131",
            "public_ip_addresses": [
              "20.192.2.131"
            ],
            "reboot_setting": "",
            "resource_group_name": "app01-dev-rg",
            "secret": [],
            "secure_boot_enabled": false,
            "size": "Standard_D2ls_v5",
            "source_image_id": "",
            "source_image_reference": [
              {
                "offer": "0001-com-ubuntu-server-jammy",
                "publisher": "Canonical",
                "sku": "22_04-lts",
                "version": "latest"
              }
            ],
            "tags": null,
            "termination_notification": null,
            "timeouts": null,
            "user_data": "",
            "virtual_machine_id": "0c3c2a2b-321d-4a18-bc7f-7ab3e8e52c75",
            "virtual_machine_scale_set_id": "",
            "vm_agent_platform_updates_enabled": false,
            "vtpm_enabled": false,
            "zone": ""
          },
          "sensitive_attributes": [
            [
              {
                "type": "get_attr",
                "value": "admin_password"
              }
            ],
            [
              {
                "type": "get_attr",
                "value": "custom_data"
              }
            ]
          ],
          "identity_schema_version": 0,
          "private": "eyJlMmJmYjczMC1lY2FhLTExZTYtOGY4OC0zNDM2M2JjN2M0YzAiOnsiY3JlYXRlIjoyNzAwMDAwMDAwMDAwLCJkZWxldGUiOjI3MDAwMDAwMDAwMDAsInJlYWQiOjMwMDAwMDAwMDAwMCwidXBkYXRlIjoyNzAwMDAwMDAwMDAwfX0=",
          "dependencies": [
            "module.nic.azurerm_network_interface.nic",
            "module.nic.data.azurerm_public_ip.pip",
            "module.nic.data.azurerm_subnet.subnet",
            "module.pip.azurerm_public_ip.pip",
            "module.rg.azurerm_resource_group.rg",
            "module.vm.data.azurerm_network_interface.nic",
            "module.vnet.azurerm_virtual_network.vnet"
          ]
        }
      ]
    },
    {
      "module": "module.vnet",
      "mode": "managed",
      "type": "azurerm_virtual_network",
      "name": "vnet",
      "provider": "provider[\"registry.terraform.io/hashicorp/azurerm\"]",
      "instances": [
        {
          "index_key": "vnet1",
          "schema_version": 0,
          "attributes": {
            "address_space": [
              "10.0.0.0/16"
            ],
            "bgp_community": "",
            "ddos_protection_plan": [],
            "dns_servers": [],
            "edge_zone": "",
            "encryption": [],
            "flow_timeout_in_minutes": 0,
            "guid": "01d1b29a-d21e-48de-87ee-1d2108caa3a7",
            "id": "/subscriptions/538f56b2-294c-4e41-a854-7ab1b5d5ad51/resourceGroups/app01-dev-rg/providers/Microsoft.Network/virtualNetworks/app01-dev-vnet",
            "ip_address_pool": [],
            "location": "centralindia",
            "name": "app01-dev-vnet",
            "private_endpoint_vnet_policies": "Disabled",
            "resource_group_name": "app01-dev-rg",
            "subnet": [
              {
                "address_prefixes": [
                  "10.0.0.0/24"
                ],
                "default_outbound_access_enabled": true,
                "delegation": [],
                "id": "/subscriptions/538f56b2-294c-4e41-a854-7ab1b5d5ad51/resourceGroups/app01-dev-rg/providers/Microsoft.Network/virtualNetworks/app01-dev-vnet/subnets/ui-subnet",
                "name": "ui-subnet",
                "private_endpoint_network_policies": "Disabled",
                "private_link_service_network_policies_enabled": true,
                "route_table_id": "",
                "security_group": "",
                "service_endpoint_policy_ids": [],
                "service_endpoints": []
              },
              {
                "address_prefixes": [
                  "10.0.1.0/24"
                ],
                "default_outbound_access_enabled": true,
                "delegation": [],
                "id": "/subscriptions/538f56b2-294c-4e41-a854-7ab1b5d5ad51/resourceGroups/app01-dev-rg/providers/Microsoft.Network/virtualNetworks/app01-dev-vnet/subnets/app-subnet",
                "name": "app-subnet",
                "private_endpoint_network_policies": "Disabled",
                "private_link_service_network_policies_enabled": true,
                "route_table_id": "",
                "security_group": "",
                "service_endpoint_policy_ids": [],
                "service_endpoints": []
              }
            ],
            "tags": null,
            "timeouts": null
          },
          "sensitive_attributes": [],
          "identity_schema_version": 0,
          "identity": {
            "name": "app01-dev-vnet",
            "resource_group_name": "app01-dev-rg",
            "subscription_id": "538f56b2-294c-4e41-a854-7ab1b5d5ad51"
          },
          "private": "eyJlMmJmYjczMC1lY2FhLTExZTYtOGY4OC0zNDM2M2JjN2M0YzAiOnsiY3JlYXRlIjoxODAwMDAwMDAwMDAwLCJkZWxldGUiOjE4MDAwMDAwMDAwMDAsInJlYWQiOjMwMDAwMDAwMDAwMCwidXBkYXRlIjoxODAwMDAwMDAwMDAwfX0=",
          "dependencies": [
            "module.rg.azurerm_resource_group.rg"
          ]
        }
      ]
    }
  ],
  "check_results": null
}
